{
    "_meta": {
        "hash": {
            "sha256": "1c0ebfeea147d80e6e83e0b85a2a927916bd658b6ab50ec79f409a1a282fc2e8"
        },
        "pipfile-spec": 6,
        "requires": {
            "python_version": "3.8"
        },
        "sources": [
            {
                "name": "pypi",
                "url": "https://pypi.org/simple",
                "verify_ssl": true
            }
        ]
    },
    "default": {
        "aiofiles": {
            "hashes": [
                "sha256:bd3019af67f83b739f8e4053c6c0512a7f545b9a8d91aaeab55e6e0f9d123c27",
                "sha256:e0281b157d3d5d59d803e3f4557dcc9a3dff28a4dd4829a9ff478adae50ca092"
            ],
            "index": "pypi",
            "version": "==0.6.0"
        },
        "certifi": {
            "hashes": [
                "sha256:1a4995114262bffbc2413b159f2a1a480c969de6e6eb13ee966d470af86af59c",
                "sha256:719a74fb9e33b9bd44cc7f3a8d94bc35e4049deebe19ba7d8e108280cfd59830"
            ],
            "version": "==2020.12.5"
        },
        "chardet": {
            "hashes": [
                "sha256:0d6f53a15db4120f2b08c94f11e7d93d2c911ee118b6b30a04ec3ee8310179fa",
                "sha256:f864054d66fd9118f2e67044ac8981a54775ec5b67aed0441892edb553d21da5"
            ],
            "markers": "python_version >= '2.7' and python_version not in '3.0, 3.1, 3.2, 3.3, 3.4'",
            "version": "==4.0.0"
        },
        "click": {
            "hashes": [
                "sha256:d2b5255c7c6349bc1bd1e59e08cd12acbbd63ce649f2588755783aa94dfb6b1a",
                "sha256:dacca89f4bfadd5de3d7489b7c8a566eee0d3676333fbb50030263894c38c0dc"
            ],
            "markers": "python_version >= '2.7' and python_version not in '3.0, 3.1, 3.2, 3.3, 3.4'",
            "version": "==7.1.2"
        },
        "fastapi": {
            "hashes": [
                "sha256:63c4592f5ef3edf30afa9a44fa7c6b7ccb20e0d3f68cd9eba07b44d552058dcb",
                "sha256:98d8ea9591d8512fdadf255d2a8fa56515cdd8624dca4af369da73727409508e"
            ],
            "index": "pypi",
            "version": "==0.63.0"
        },
        "filelock": {
            "hashes": [
                "sha256:18d82244ee114f543149c66a6e0c14e9c4f8a1044b5cdaadd0f82159d6a6ff59",
                "sha256:929b7d63ec5b7d6b71b0fa5ac14e030b3f70b75747cef1b10da9b879fef15836"
            ],
            "version": "==3.0.12"
        },
        "future": {
            "hashes": [
                "sha256:b1bead90b70cf6ec3f0710ae53a525360fa360d306a86583adc6bf83a4db537d"
            ],
            "markers": "python_version >= '2.6' and python_version not in '3.0, 3.1, 3.2, 3.3'",
            "version": "==0.18.2"
        },
        "h11": {
            "hashes": [
                "sha256:36a3cb8c0a032f56e2da7084577878a035d3b61d104230d4bd49c0c6b555a9c6",
                "sha256:47222cb6067e4a307d535814917cd98fd0a57b6788ce715755fa2b6c28b56042"
            ],
            "markers": "python_version >= '3.6'",
            "version": "==0.12.0"
        },
        "idna": {
            "hashes": [
                "sha256:b307872f855b18632ce0c21c5e45be78c0ea7ae4c15c828c20788b26921eb3f6",
                "sha256:b97d804b1e9b523befed77c48dacec60e6dcb0b5391d57af6a65a312a90648c0"
            ],
            "markers": "python_version >= '2.7' and python_version not in '3.0, 3.1, 3.2, 3.3'",
            "version": "==2.10"
        },
        "joblib": {
            "hashes": [
                "sha256:9c17567692206d2f3fb9ecf5e991084254fe631665c450b443761c4186a613f7",
                "sha256:feeb1ec69c4d45129954f1b7034954241eedfd6ba39b5e9e4b6883be3332d5e5"
            ],
            "markers": "python_version >= '3.6'",
            "version": "==1.0.1"
        },
        "numpy": {
            "hashes": [
                "sha256:032be656d89bbf786d743fee11d01ef318b0781281241997558fa7950028dd29",
                "sha256:104f5e90b143dbf298361a99ac1af4cf59131218a045ebf4ee5990b83cff5fab",
                "sha256:125a0e10ddd99a874fd357bfa1b636cd58deb78ba4a30b5ddb09f645c3512e04",
                "sha256:12e4ba5c6420917571f1a5becc9338abbde71dd811ce40b37ba62dec7b39af6d",
                "sha256:13adf545732bb23a796914fe5f891a12bd74cf3d2986eed7b7eba2941eea1590",
                "sha256:2d7e27442599104ee08f4faed56bb87c55f8b10a5494ac2ead5c98a4b289e61f",
                "sha256:3bc63486a870294683980d76ec1e3efc786295ae00128f9ea38e2c6e74d5a60a",
                "sha256:3d3087e24e354c18fb35c454026af3ed8997cfd4997765266897c68d724e4845",
                "sha256:4ed8e96dc146e12c1c5cdd6fb9fd0757f2ba66048bf94c5126b7efebd12d0090",
                "sha256:60759ab15c94dd0e1ed88241fd4fa3312db4e91d2c8f5a2d4cf3863fad83d65b",
                "sha256:65410c7f4398a0047eea5cca9b74009ea61178efd78d1be9847fac1d6716ec1e",
                "sha256:66b467adfcf628f66ea4ac6430ded0614f5cc06ba530d09571ea404789064adc",
                "sha256:7199109fa46277be503393be9250b983f325880766f847885607d9b13848f257",
                "sha256:72251e43ac426ff98ea802a931922c79b8d7596480300eb9f1b1e45e0543571e",
                "sha256:89e5336f2bec0c726ac7e7cdae181b325a9c0ee24e604704ed830d241c5e47ff",
                "sha256:89f937b13b8dd17b0099c7c2e22066883c86ca1575a975f754babc8fbf8d69a9",
                "sha256:9c94cab5054bad82a70b2e77741271790304651d584e2cdfe2041488e753863b",
                "sha256:9eb551d122fadca7774b97db8a112b77231dcccda8e91a5bc99e79890797175e",
                "sha256:a1d7995d1023335e67fb070b2fae6f5968f5be3802b15ad6d79d81ecaa014fe0",
                "sha256:ae61f02b84a0211abb56462a3b6cd1e7ec39d466d3160eb4e1da8bf6717cdbeb",
                "sha256:b9410c0b6fed4a22554f072a86c361e417f0258838957b78bd063bde2c7f841f",
                "sha256:c26287dfc888cf1e65181f39ea75e11f42ffc4f4529e5bd19add57ad458996e2",
                "sha256:c91ec9569facd4757ade0888371eced2ecf49e7982ce5634cc2cf4e7331a4b14",
                "sha256:ecb5b74c702358cdc21268ff4c37f7466357871f53a30e6f84c686952bef16a9"
            ],
            "markers": "python_version >= '3.7'",
            "version": "==1.20.1"
        },
        "packaging": {
            "hashes": [
                "sha256:5b327ac1320dc863dca72f4514ecc086f31186744b84a230374cc1fd776feae5",
                "sha256:67714da7f7bc052e064859c05c595155bd1ee9f69f76557e21f051443c20947a"
            ],
            "markers": "python_version >= '2.7' and python_version not in '3.0, 3.1, 3.2, 3.3'",
            "version": "==20.9"
        },
        "pandas": {
            "hashes": [
                "sha256:09761bf5f8c741d47d4b8b9073288de1be39bbfccc281d70b889ade12b2aad29",
                "sha256:0f27fd1adfa256388dc34895ca5437eaf254832223812afd817a6f73127f969c",
                "sha256:43e00770552595c2250d8d712ec8b6e08ca73089ac823122344f023efa4abea3",
                "sha256:46fc671c542a8392a4f4c13edc8527e3a10f6cb62912d856f82248feb747f06e",
                "sha256:475b7772b6e18a93a43ea83517932deff33954a10d4fbae18d0c1aba4182310f",
                "sha256:4d821b9b911fc1b7d428978d04ace33f0af32bb7549525c8a7b08444bce46b74",
                "sha256:5e3c8c60541396110586bcbe6eccdc335a38e7de8c217060edaf4722260b158f",
                "sha256:621c044a1b5e535cf7dcb3ab39fca6f867095c3ef223a524f18f60c7fee028ea",
                "sha256:72ffcea00ae8ffcdbdefff800284311e155fbb5ed6758f1a6110fc1f8f8f0c1c",
                "sha256:8a051e957c5206f722e83f295f95a2cf053e890f9a1fba0065780a8c2d045f5d",
                "sha256:97b1954533b2a74c7e20d1342c4f01311d3203b48f2ebf651891e6a6eaf01104",
                "sha256:9f5829e64507ad10e2561b60baf285c470f3c4454b007c860e77849b88865ae7",
                "sha256:a93e34f10f67d81de706ce00bf8bb3798403cabce4ccb2de10c61b5ae8786ab5",
                "sha256:d59842a5aa89ca03c2099312163ffdd06f56486050e641a45d926a072f04d994",
                "sha256:dbb255975eb94143f2e6ec7dadda671d25147939047839cd6b8a4aff0379bb9b",
                "sha256:df6f10b85aef7a5bb25259ad651ad1cc1d6bb09000595cab47e718cbac250b1d"
            ],
            "index": "pypi",
            "version": "==1.2.3"
        },
        "pydantic": {
            "hashes": [
                "sha256:0c40162796fc8d0aa744875b60e4dc36834db9f2a25dbf9ba9664b1915a23850",
                "sha256:20d42f1be7c7acc352b3d09b0cf505a9fab9deb93125061b376fbe1f06a5459f",
                "sha256:2287ebff0018eec3cc69b1d09d4b7cebf277726fa1bd96b45806283c1d808683",
                "sha256:258576f2d997ee4573469633592e8b99aa13bda182fcc28e875f866016c8e07e",
                "sha256:26cf3cb2e68ec6c0cfcb6293e69fb3450c5fd1ace87f46b64f678b0d29eac4c3",
                "sha256:2f2736d9a996b976cfdfe52455ad27462308c9d3d0ae21a2aa8b4cd1a78f47b9",
                "sha256:3114d74329873af0a0e8004627f5389f3bb27f956b965ddd3e355fe984a1789c",
                "sha256:3bbd023c981cbe26e6e21c8d2ce78485f85c2e77f7bab5ec15b7d2a1f491918f",
                "sha256:3bcb9d7e1f9849a6bdbd027aabb3a06414abd6068cb3b21c49427956cce5038a",
                "sha256:4bbc47cf7925c86a345d03b07086696ed916c7663cb76aa409edaa54546e53e2",
                "sha256:6388ef4ef1435364c8cc9a8192238aed030595e873d8462447ccef2e17387125",
                "sha256:830ef1a148012b640186bf4d9789a206c56071ff38f2460a32ae67ca21880eb8",
                "sha256:8fbb677e4e89c8ab3d450df7b1d9caed23f254072e8597c33279460eeae59b99",
                "sha256:c17a0b35c854049e67c68b48d55e026c84f35593c66d69b278b8b49e2484346f",
                "sha256:dd4888b300769ecec194ca8f2699415f5f7760365ddbe243d4fd6581485fa5f0",
                "sha256:dde4ca368e82791de97c2ec019681ffb437728090c0ff0c3852708cf923e0c7d",
                "sha256:e3f8790c47ac42549dc8b045a67b0ca371c7f66e73040d0197ce6172b385e520",
                "sha256:e8bc082afef97c5fd3903d05c6f7bb3a6af9fc18631b4cc9fedeb4720efb0c58",
                "sha256:eb8ccf12295113ce0de38f80b25f736d62f0a8d87c6b88aca645f168f9c78771",
                "sha256:fb77f7a7e111db1832ae3f8f44203691e15b1fa7e5a1cb9691d4e2659aee41c4",
                "sha256:fbfb608febde1afd4743c6822c19060a8dbdd3eb30f98e36061ba4973308059e",
                "sha256:fff29fe54ec419338c522b908154a2efabeee4f483e48990f87e189661f31ce3"
            ],
            "markers": "python_full_version >= '3.6.1'",
            "version": "==1.8.1"
        },
        "pyparsing": {
            "hashes": [
                "sha256:c203ec8783bf771a155b207279b9bccb8dea02d8f0c9e5f8ead507bc3246ecc1",
                "sha256:ef9d7589ef3c200abe66653d3f1ab1033c3c419ae9b9bdb1240a85b024efc88b"
            ],
            "markers": "python_version >= '2.6' and python_version not in '3.0, 3.1, 3.2, 3.3'",
            "version": "==2.4.7"
        },
        "python-dateutil": {
            "hashes": [
                "sha256:73ebfe9dbf22e832286dafa60473e4cd239f8592f699aa5adaf10050e6e1823c",
                "sha256:75bb3f31ea686f1197762692a9ee6a7550b59fc6ca3a1f4b5d7e32fb98e2da2a"
            ],
            "markers": "python_version >= '2.7' and python_version not in '3.0, 3.1, 3.2, 3.3'",
            "version": "==2.8.1"
        },
        "pytz": {
            "hashes": [
                "sha256:83a4a90894bf38e243cf052c8b58f381bfe9a7a483f6a9cab140bc7f702ac4da",
                "sha256:eb10ce3e7736052ed3623d49975ce333bcd712c7bb19a58b9e2089d4057d0798"
            ],
            "version": "==2021.1"
        },
        "regex": {
            "hashes": [
                "sha256:02951b7dacb123d8ea6da44fe45ddd084aa6777d4b2454fa0da61d569c6fa538",
                "sha256:0d08e71e70c0237883d0bef12cad5145b84c3705e9c6a588b2a9c7080e5af2a4",
                "sha256:1862a9d9194fae76a7aaf0150d5f2a8ec1da89e8b55890b1786b8f88a0f619dc",
                "sha256:1ab79fcb02b930de09c76d024d279686ec5d532eb814fd0ed1e0051eb8bd2daa",
                "sha256:1fa7ee9c2a0e30405e21031d07d7ba8617bc590d391adfc2b7f1e8b99f46f444",
                "sha256:262c6825b309e6485ec2493ffc7e62a13cf13fb2a8b6d212f72bd53ad34118f1",
                "sha256:2a11a3e90bd9901d70a5b31d7dd85114755a581a5da3fc996abfefa48aee78af",
                "sha256:2c99e97d388cd0a8d30f7c514d67887d8021541b875baf09791a3baad48bb4f8",
                "sha256:3128e30d83f2e70b0bed9b2a34e92707d0877e460b402faca908c6667092ada9",
                "sha256:38c8fd190db64f513fe4e1baa59fed086ae71fa45083b6936b52d34df8f86a88",
                "sha256:3bddc701bdd1efa0d5264d2649588cbfda549b2899dc8d50417e47a82e1387ba",
                "sha256:4902e6aa086cbb224241adbc2f06235927d5cdacffb2425c73e6570e8d862364",
                "sha256:49cae022fa13f09be91b2c880e58e14b6da5d10639ed45ca69b85faf039f7a4e",
                "sha256:56e01daca75eae420bce184edd8bb341c8eebb19dd3bce7266332258f9fb9dd7",
                "sha256:5862975b45d451b6db51c2e654990c1820523a5b07100fc6903e9c86575202a0",
                "sha256:6a8ce43923c518c24a2579fda49f093f1397dad5d18346211e46f134fc624e31",
                "sha256:6c54ce4b5d61a7129bad5c5dc279e222afd00e721bf92f9ef09e4fae28755683",
                "sha256:6e4b08c6f8daca7d8f07c8d24e4331ae7953333dbd09c648ed6ebd24db5a10ee",
                "sha256:717881211f46de3ab130b58ec0908267961fadc06e44f974466d1887f865bd5b",
                "sha256:749078d1eb89484db5f34b4012092ad14b327944ee7f1c4f74d6279a6e4d1884",
                "sha256:7913bd25f4ab274ba37bc97ad0e21c31004224ccb02765ad984eef43e04acc6c",
                "sha256:7a25fcbeae08f96a754b45bdc050e1fb94b95cab046bf56b016c25e9ab127b3e",
                "sha256:83d6b356e116ca119db8e7c6fc2983289d87b27b3fac238cfe5dca529d884562",
                "sha256:8b882a78c320478b12ff024e81dc7d43c1462aa4a3341c754ee65d857a521f85",
                "sha256:8f6a2229e8ad946e36815f2a03386bb8353d4bde368fdf8ca5f0cb97264d3b5c",
                "sha256:9801c4c1d9ae6a70aeb2128e5b4b68c45d4f0af0d1535500884d644fa9b768c6",
                "sha256:a15f64ae3a027b64496a71ab1f722355e570c3fac5ba2801cafce846bf5af01d",
                "sha256:a3d748383762e56337c39ab35c6ed4deb88df5326f97a38946ddd19028ecce6b",
                "sha256:a63f1a07932c9686d2d416fb295ec2c01ab246e89b4d58e5fa468089cab44b70",
                "sha256:b2b1a5ddae3677d89b686e5c625fc5547c6e492bd755b520de5332773a8af06b",
                "sha256:b2f4007bff007c96a173e24dcda236e5e83bde4358a557f9ccf5e014439eae4b",
                "sha256:baf378ba6151f6e272824b86a774326f692bc2ef4cc5ce8d5bc76e38c813a55f",
                "sha256:bafb01b4688833e099d79e7efd23f99172f501a15c44f21ea2118681473fdba0",
                "sha256:bba349276b126947b014e50ab3316c027cac1495992f10e5682dc677b3dfa0c5",
                "sha256:c084582d4215593f2f1d28b65d2a2f3aceff8342aa85afd7be23a9cad74a0de5",
                "sha256:d1ebb090a426db66dd80df8ca85adc4abfcbad8a7c2e9a5ec7513ede522e0a8f",
                "sha256:d2d8ce12b7c12c87e41123997ebaf1a5767a5be3ec545f64675388970f415e2e",
                "sha256:e32f5f3d1b1c663af7f9c4c1e72e6ffe9a78c03a31e149259f531e0fed826512",
                "sha256:e3faaf10a0d1e8e23a9b51d1900b72e1635c2d5b0e1bea1c18022486a8e2e52d",
                "sha256:f7d29a6fc4760300f86ae329e3b6ca28ea9c20823df123a2ea8693e967b29917",
                "sha256:f8f295db00ef5f8bae530fc39af0b40486ca6068733fb860b42115052206466f"
            ],
            "version": "==2020.11.13"
        },
        "requests": {
            "hashes": [
                "sha256:27973dd4a904a4f13b263a19c866c13b92a39ed1c964655f025f3f8d3d75b804",
                "sha256:c210084e36a42ae6b9219e00e48287def368a26d03a048ddad7bfee44f75871e"
            ],
            "index": "pypi",
            "version": "==2.25.1"
        },
        "sacremoses": {
            "hashes": [
                "sha256:123c1bf2664351fb05e16f87d3786dbe44a050cfd7b85161c09ad9a63a8e2948"
            ],
            "version": "==0.0.43"
        },
        "scipy": {
            "hashes": [
                "sha256:00af72998a46c25bdb5824d2b729e7dabec0c765f9deb0b504f928591f5ff9d4",
                "sha256:0902a620a381f101e184a958459b36d3ee50f5effd186db76e131cbefcbb96f7",
                "sha256:1e3190466d669d658233e8a583b854f6386dd62d655539b77b3fa25bfb2abb70",
                "sha256:2cce3f9847a1a51019e8c5b47620da93950e58ebc611f13e0d11f4980ca5fecb",
                "sha256:3092857f36b690a321a662fe5496cb816a7f4eecd875e1d36793d92d3f884073",
                "sha256:386086e2972ed2db17cebf88610aab7d7f6e2c0ca30042dc9a89cf18dcc363fa",
                "sha256:71eb180f22c49066f25d6df16f8709f215723317cc951d99e54dc88020ea57be",
                "sha256:770254a280d741dd3436919d47e35712fb081a6ff8bafc0f319382b954b77802",
                "sha256:787cc50cab3020a865640aba3485e9fbd161d4d3b0d03a967df1a2881320512d",
                "sha256:8a07760d5c7f3a92e440ad3aedcc98891e915ce857664282ae3c0220f3301eb6",
                "sha256:8d3bc3993b8e4be7eade6dcc6fd59a412d96d3a33fa42b0fa45dc9e24495ede9",
                "sha256:9508a7c628a165c2c835f2497837bf6ac80eb25291055f56c129df3c943cbaf8",
                "sha256:a144811318853a23d32a07bc7fd5561ff0cac5da643d96ed94a4ffe967d89672",
                "sha256:a1aae70d52d0b074d8121333bc807a485f9f1e6a69742010b33780df2e60cfe0",
                "sha256:a2d6df9eb074af7f08866598e4ef068a2b310d98f87dc23bd1b90ec7bdcec802",
                "sha256:bb517872058a1f087c4528e7429b4a44533a902644987e7b2fe35ecc223bc408",
                "sha256:c5cac0c0387272ee0e789e94a570ac51deb01c796b37fb2aad1fb13f85e2f97d",
                "sha256:cc971a82ea1170e677443108703a2ec9ff0f70752258d0e9f5433d00dda01f59",
                "sha256:dba8306f6da99e37ea08c08fef6e274b5bf8567bb094d1dbe86a20e532aca088",
                "sha256:dc60bb302f48acf6da8ca4444cfa17d52c63c5415302a9ee77b3b21618090521",
                "sha256:dee1bbf3a6c8f73b6b218cb28eed8dd13347ea2f87d572ce19b289d6fd3fbc59"
            ],
            "index": "pypi",
            "version": "==1.4.1"
        },
        "sentencepiece": {
            "hashes": [
                "sha256:03ac268fa1f5f2adcb083f40becd63b5bbbe2c13dec2cd46222688f8477827c5",
                "sha256:087373b148b82854a3c03a9ad57d58a8ff5366b2f6d718bca27f262c102439ce",
                "sha256:10e8119175e35075d05dad49c2903903229c7b1331b872fff5ad6a85d369152c",
                "sha256:163d869ce8dd7a9ed11187756272e8c73cd1caae1f47a701e5d70ad80485a655",
                "sha256:21cfec2ec80eb6f603fb92b0416479272f3ec30cfd511b8525a964e2f1cf82a6",
                "sha256:243ce7c067ba15e5883ab772117b144a8fa1f5827c466a664c9f52d173f6e375",
                "sha256:26676ecc4985902cf4af5d597df3d2c4f32f58ed3e23db20c47950f6065089d7",
                "sha256:438ee23faf095a9ebcc97debad2b07c0647ff6a306ed4d430146c3f80c7f6354",
                "sha256:43acdb01466de8189b899de153b96eb50e0ea3b77608c1d4f4f8f0c6f343fe45",
                "sha256:453f9cf531b5ea694472a5f0a4dc727bfb4f383c8a80a9b5261db6d3a59d4018",
                "sha256:4749b187c91e796fe52b82abef3c05a60d82065088844c0fe45d5c221ddc097a",
                "sha256:48fd95e0bf082a432cff5d4b7e5fa6d5fdaf87fb2de210aa91f90086c89464a2",
                "sha256:53951098eddfc25a5fa0cd9be748c9346db3c2be0b6c74a8ac6663acbde2b639",
                "sha256:58a1013c2a676e16647c64505b9e8cd7e7e5fb9f2d92ec91f2d2a5f777632a69",
                "sha256:5cac1dcacc2c6bea397188daa549f194ca2bc4d0a7005633ecd03b165e1ad16f",
                "sha256:5e177f6e40b074e08d3c0c2a1a862fbc94897d9c3439c7752a03a4f61197a743",
                "sha256:5ff761f322a1b34d691d8b1d87c735d8de725ce3458d879d9d0c319e285e7169",
                "sha256:60715ef703af2410e5f5cac89d8123f1a0a8dbce1406a2ceaecf805eb0c0cfd9",
                "sha256:6365bb9b7a17573e1ed9a277eafad6b5a489100840149297b2f399294ca11817",
                "sha256:77dff55aa8f74e36f7fd7df861723574630327fdfff0ca18fdbb4fe031c9ecbe",
                "sha256:7f7929c7741ea276d44c1e7966a1347943fab2089a55bc32fc42ba3c71a6e2e1",
                "sha256:8613286b537056e6d2029e306719e33d4e09c369a1741490e4e18f2a6a797996",
                "sha256:8dd6e3e110f4c3f85a46e4a2ae1b6f7cf020b907fab50eac22beccf1680e0ea5",
                "sha256:8e2f6096899a32246a0c65ea7f24a01ff32ea49563ef013b348acb7bca5831d5",
                "sha256:94f866601203b78095d9f219995820ff4606d67281895a6c79d5c1ffe75575ac",
                "sha256:99ba407001cc45b76e56e03f63eb27e011fe614c3a38e2c0ed5818bb88e050f6",
                "sha256:ad2866aebdf702b0d6a992b2b3b46c2de3739ca8a92bce17f24cf51c29fa4f3e",
                "sha256:bc7324da0209b632be107123f40505e2400e6aa49e39b49a35d081c36e6cee1b",
                "sha256:c2add7d87c30898661de5b9e492bd99c5b184c731dec3c7dd3d2c956e4003446",
                "sha256:c510e0d26760d51b31f2fb05e1638419a1590df8783300d79e898f2bb93975a8",
                "sha256:d3410cffb275c319c61977ae3a8729ab224d330bdf69d66cf5f6c55a4deb3d9a",
                "sha256:d789bcdce025b377a45830d3962d041b1acf7e416e5451bef081bd6a9c758dfd",
                "sha256:d880e8f70822fe98b4f584814f5cccebf9e72aea7b44acc1a26731780fac03f7",
                "sha256:d89c04aeedab0d5c25de8fc6302d58ec6fb135e2670449376c7d0301d7963680",
                "sha256:e3cf28e56f49edb9ac021e247399671b8099e516ecd8091ee8ad5d35716e16e3",
                "sha256:f05663139279718421084d618131a24cffc068860873531ebfe38a73085cbd2e",
                "sha256:f5b6ab735d30eb1801998d4c413592149f9414d9aa300d90a28e8769792d2a5b",
                "sha256:fa52e8a438f500e07c81c068fe128f9c4e677331eff0b17b28c55585aa7c112a",
                "sha256:fa8ee7411f31a7e7e1b4ed48de958e63befdba3465d7c7d9bd5a87235f7e5bd1"
            ],
            "version": "==0.1.95"
        },
        "six": {
            "hashes": [
                "sha256:30639c035cdb23534cd4aa2dd52c3bf48f06e5f4a941509c8bafd8ce11080259",
                "sha256:8b74bedcbbbaca38ff6d7491d76f2b06b3592611af620f8426e82dddb04a5ced"
            ],
            "markers": "python_version >= '2.7' and python_version not in '3.0, 3.1, 3.2, 3.3'",
            "version": "==1.15.0"
        },
        "starlette": {
            "hashes": [
                "sha256:bd2ffe5e37fb75d014728511f8e68ebf2c80b0fa3d04ca1479f4dc752ae31ac9",
                "sha256:ebe8ee08d9be96a3c9f31b2cb2a24dbdf845247b745664bd8a3f9bd0c977fdbc"
            ],
            "markers": "python_version >= '3.6'",
            "version": "==0.13.6"
        },
        "tokenizers": {
            "hashes": [
                "sha256:032c6e3ce55671b2f0f12e40dab65de570f94b0cc9739f3adb506f43838574f5",
                "sha256:0977f3bac30457c514a3ac3e5bdaf585b36aec49d9a96954faeca1334805f1fd",
                "sha256:133a61fd6f5d1623fd21b7be857ca9a56ba18bd98c157895b3c1b3ac9df0df28",
                "sha256:1b42ccd463adf349ba00efd57d23e386cf23debb273ae7627da878c78b674d5d",
                "sha256:26d4be3e9c8e7ac1dce18204a4ffe9e3ea8ee43d450de6a9c643801bfa8df890",
                "sha256:2f648405b3b0a6ac26bab34fb0a2972454d8ce86bd2ad7191316460f2731eaee",
                "sha256:30311102f58cd67f891f1fc13f524a61ebb0d12287452b61e12a93d5252bc0bd",
                "sha256:4afaaf4d4c5d53dbd804397f11bc6b08e9d4bb9697b1348823c5a4f778344d37",
                "sha256:6724dffebec4434ef6e019f415c4b17394797f83da351c04b2dfc6ce9c348c59",
                "sha256:69764a5b533e14ee50046409c4fb30d1235b1c3224a7e22635042329efc0f9a3",
                "sha256:6e1b33603ed9df26c5a8af8029c70d2cbd5d622beb678af1babed1b00561280d",
                "sha256:70482161aad628c7830f42464369bbd36685d9ba2b8c8af54754309c84532a84",
                "sha256:73ffd4d3d3849f71977bfef03c920585cdd2f9f3aab3e173cfe9dfffb995e7f0",
                "sha256:81aa76ef12de4b7a57df03b03daeabf0e2ad937b9fc8f933ef532e4602414bd3",
                "sha256:a9fe335e52635cb423364f39e7f93c6bf32fbb1349e226db767c8e09cebc3bc1",
                "sha256:cb6785ea0dc8625a4bffe3d53bc8df94bdaad7e32f066db4a600f1bfef619cc5",
                "sha256:e1afc149b31148bb1372bfa7565d30a79e93c8075d02ec27198432433e8da866"
            ],
            "version": "==0.8.0rc4"
        },
        "torch": {
            "hashes": [
                "sha256:3838bd01af7dfb1f78573973f6842ce75b17e8e4f22be99c891dcb7c94bc13f5",
                "sha256:4f9a4ad7947cef566afb0a323d99009fe8524f0b0f2ca1fb7ad5de0400381a5b",
                "sha256:5357873e243bcfa804c32dc341f564e9a4c12addfc9baae4ee857fcc09a0a216",
                "sha256:728facb972a5952323c6d790c2c5922b2b35c44b0bc7bdfa02f8639727671a0c",
                "sha256:7669f4d923b5758e28b521ea749c795ed67ff24b45ba20296bc8cff706d08df8",
                "sha256:87d65c01d1b70bb46070824f28bfd93c86d3c5c56b90cbbe836a3f2491d91c76"
            ],
            "index": "pypi",
            "version": "==1.6"
        },
        "tqdm": {
            "hashes": [
                "sha256:2c44efa73b8914dba7807aefd09653ac63c22b5b4ea34f7a80973f418f1a3089",
                "sha256:c23ac707e8e8aabb825e4d91f8e17247f9cc14b0d64dd9e97be0781e9e525bba"
            ],
            "markers": "python_version >= '2.7' and python_version not in '3.0, 3.1, 3.2, 3.3'",
            "version": "==4.58.0"
        },
        "transformers": {
            "hashes": [
                "sha256:679f0060e47e740f389f858adff2296d4a393015e5bbe7dac9143220b8caf7af",
                "sha256:b3c8409495d7a631a9884d82311ce132a5eaaa0b520ec52b4a838a17b0513210"
            ],
            "index": "pypi",
            "version": "==3.0"
        },
        "typing-extensions": {
            "hashes": [
                "sha256:7cb407020f00f7bfc3cb3e7881628838e69d8f3fcab2f64742a5e76b2f841918",
                "sha256:99d4073b617d30288f569d3f13d2bd7548c3a7e4c8de87db09a9d29bb3a4a60c",
                "sha256:dafc7639cde7f1b6e1acc0f457842a83e722ccca8eef5270af2d74792619a89f"
            ],
            "version": "==3.7.4.3"
        },
        "urllib3": {
            "hashes": [
                "sha256:1b465e494e3e0d8939b50680403e3aedaa2bc434b7d5af64dfd3c958d7f5ae80",
                "sha256:de3eedaad74a2683334e282005cd8d7f22f4d55fa690a2a1020a416cb0a47e73"
            ],
            "markers": "python_version >= '2.7' and python_version not in '3.0, 3.1, 3.2, 3.3, 3.4' and python_version < '4'",
            "version": "==1.26.3"
        },
        "uvicorn": {
            "hashes": [
                "sha256:3292251b3c7978e8e4a7868f4baf7f7f7bb7e40c759ecc125c37e99cdea34202",
                "sha256:7587f7b08bd1efd2b9bad809a3d333e972f1d11af8a5e52a9371ee3a5de71524"
            ],
            "index": "pypi",
            "version": "==0.13.4"
        }
    },
    "develop": {}
}
